
Microsoft Visual Studio Solution File, Format Version 12.00
# Visual Studio Version 17
VisualStudioVersion = 17.10.35027.167
MinimumVisualStudioVersion = 10.0.40219.1
Project("{FAE04EC0-301F-11D3-BF4B-00C04F79EFBC}") = "primerproyecto", "primerproyecto\primerproyecto.csproj", "{83DC8213-BF87-4C4C-BA5D-72E8F62ADC65}"
EndProject
Global
	GlobalSection(SolutionConfigurationPlatforms) = preSolution
		Debug|Any CPU = Debug|Any CPU
		Release|Any CPU = Release|Any CPU
	EndGlobalSection
	GlobalSection(ProjectConfigurationPlatforms) = postSolution
		{83DC8213-BF87-4C4C-BA5D-72E8F62ADC65}.Debug|Any CPU.ActiveCfg = Debug|Any CPU
		{83DC8213-BF87-4C4C-BA5D-72E8F62ADC65}.Debug|Any CPU.Build.0 = Debug|Any CPU
		{83DC8213-BF87-4C4C-BA5D-72E8F62ADC65}.Release|Any CPU.ActiveCfg = Release|Any CPU
		{83DC8213-BF87-4C4C-BA5D-72E8F62ADC65}.Release|Any CPU.Build.0 = Release|Any CPU
	EndGlobalSection
	GlobalSection(SolutionProperties) = preSolution
		HideSolutionNode = FALSE
	EndGlobalSection
	GlobalSection(ExtensibilityGlobals) = postSolution
		SolutionGuid = {A7C33A10-1AE3-44DA-B9EA-479304067921}
	EndGlobalSection
EndGlobal
